
Microsoft Visual Studio Solution File, Format Version 12.00
# Visual Studio Version 16
VisualStudioVersion = 16.0.810.11
MinimumVisualStudioVersion = 10.0.40219.1
Project("{FAE04EC0-301F-11D3-BF4B-00C04F79EFBC}") = "MovieApp", "MovieApp\MovieApp.csproj", "{0AE27426-BAEC-40CB-87E0-60F8A11E16B2}"
EndProject
Global
	GlobalSection(SolutionConfigurationPlatforms) = preSolution
		Debug|Any CPU = Debug|Any CPU
		Release|Any CPU = Release|Any CPU
	EndGlobalSection
	GlobalSection(ProjectConfigurationPlatforms) = postSolution
		{0AE27426-BAEC-40CB-87E0-60F8A11E16B2}.Debug|Any CPU.ActiveCfg = Debug|Any CPU
		{0AE27426-BAEC-40CB-87E0-60F8A11E16B2}.Debug|Any CPU.Build.0 = Debug|Any CPU
		{0AE27426-BAEC-40CB-87E0-60F8A11E16B2}.Release|Any CPU.ActiveCfg = Release|Any CPU
		{0AE27426-BAEC-40CB-87E0-60F8A11E16B2}.Release|Any CPU.Build.0 = Release|Any CPU
	EndGlobalSection
	GlobalSection(SolutionProperties) = preSolution
		HideSolutionNode = FALSE
	EndGlobalSection
	GlobalSection(ExtensibilityGlobals) = postSolution
		SolutionGuid = {A91B0601-6D5B-427A-AFFB-DAAB67E87AC0}
	EndGlobalSection
EndGlobal
